
Microsoft Visual Studio Solution File, Format Version 12.00
# Visual Studio 14
VisualStudioVersion = 14.0.25420.1
MinimumVisualStudioVersion = 10.0.40219.1
Project("{8BC9CEB8-8B4A-11D0-8D11-00A0C91BC942}") = "shellcodeLoader", "shellcodeLoader\shellcodeLoader.vcxproj", "{44ED408B-59F3-4A73-BEF3-AD7F274AEC54}"
EndProject
Project("{2150E333-8FDC-42A3-9474-1A3956D46DE8}") = "Generator", "Generator", "{A627454C-01C6-4811-871A-28194598E2C9}"
EndProject
Project("{2150E333-8FDC-42A3-9474-1A3956D46DE8}") = "Loader", "Loader", "{714E11DF-8A6C-408B-95BD-D63BA510488E}"
	ProjectSection(SolutionItems) = preProject
		plug\public.hpp = plug\public.hpp
	EndProjectSection
EndProject
Project("{2150E333-8FDC-42A3-9474-1A3956D46DE8}") = "Direct", "Direct", "{7F17ED50-B0CD-4BF8-B78F-76F5DBA07F9C}"
EndProject
Project("{2150E333-8FDC-42A3-9474-1A3956D46DE8}") = "Inject", "Inject", "{CA099911-8087-4632-96A5-A85511712F38}"
EndProject
Project("{8BC9CEB8-8B4A-11D0-8D11-00A0C91BC942}") = "CreateThreatPoolWait Load", "plug\CreateThreatPoolWait Load\CreateThreatPoolWait Load.vcxproj", "{E4458817-99D0-4463-AC97-A91E1F9FB3E1}"
EndProject
Project("{8BC9CEB8-8B4A-11D0-8D11-00A0C91BC942}") = "Fiber Load", "plug\Fiber Load\Fiber Load.vcxproj", "{A724B8F7-FDF3-441B-BB1D-11C1C6FDC64B}"
EndProject
Project("{8BC9CEB8-8B4A-11D0-8D11-00A0C91BC942}") = "NtTestAlert Load", "plug\NtTestAlert Load\NtTestAlert Load.vcxproj", "{0E01D108-8DD7-4164-BABD-5257095F0CAF}"
EndProject
Project("{8BC9CEB8-8B4A-11D0-8D11-00A0C91BC942}") = "SEH Except Load", "plug\SEH Except Load\SEH Except Load.vcxproj", "{8C71DB50-A5B1-4354-A7C7-901E36DDC8AB}"
EndProject
Project("{8BC9CEB8-8B4A-11D0-8D11-00A0C91BC942}") = "TLS Callback Load", "plug\TLS Callback Load\TLS Callback Load.vcxproj", "{E804DA50-1B3D-40A8-9FA5-D0A2B427C727}"
EndProject
Project("{8BC9CEB8-8B4A-11D0-8D11-00A0C91BC942}") = "Dynamic Load", "plug\Dynamic Load\Dynamic Load.vcxproj", "{E09E4077-06F1-4A26-AFBA-D5FFE8BE10B3}"
EndProject
Project("{8BC9CEB8-8B4A-11D0-8D11-00A0C91BC942}") = "Dynamic Load plus", "plug\Dynamic Load plus\Dynamic Load plus.vcxproj", "{77301751-93B6-4748-87CE-BEABD468F549}"
EndProject
Project("{8BC9CEB8-8B4A-11D0-8D11-00A0C91BC942}") = "Direct Load", "plug\Direct Load\Direct Load.vcxproj", "{95367D52-E3A0-46BF-BCAA-AAC13EAF244D}"
EndProject
Project("{8BC9CEB8-8B4A-11D0-8D11-00A0C91BC942}") = "NtCreateSection-Inject Load", "plug\NtCreateSection-Inject Load\NtCreateSection-Inject Load.vcxproj", "{53C190DB-62BA-4D22-BEB9-BAC5F35D8893}"
EndProject
Project("{8BC9CEB8-8B4A-11D0-8D11-00A0C91BC942}") = "Syscall Load", "plug\Syscall Load\Syscall Load.vcxproj", "{7A811860-B9FC-4F64-BE80-DE0D30551A21}"
EndProject
Project("{8BC9CEB8-8B4A-11D0-8D11-00A0C91BC942}") = "APC-Ijnect Load", "plug\APC-Ijnect Load\APC-Ijnect Load.vcxproj", "{85B4ED76-7171-4CDF-B909-654E77F54FA4}"
EndProject
Project("{8BC9CEB8-8B4A-11D0-8D11-00A0C91BC942}") = "Early Bird APC-Injetc Load", "plug\Early Bird APC-Injetc Load\Early Bird APC-Injetc Load.vcxproj", "{F5D3E249-2D2F-4C8F-99D9-4ED661ADBC57}"
EndProject
Project("{8BC9CEB8-8B4A-11D0-8D11-00A0C91BC942}") = "OEP Hiijack-Inject Load", "plug\OEP Hiijack-Inject Load\OEP Hiijack-Inject Load.vcxproj", "{7CCFF851-1E2C-4EAD-8415-BB4CBB96FFE0}"
EndProject
Project("{8BC9CEB8-8B4A-11D0-8D11-00A0C91BC942}") = "Thread Hiijack-Inject Load", "plug\Thread Hiijack-Inject Load\Thread Hiijack-Inject Load.vcxproj", "{9C8E8054-B951-44F4-9B6C-9021BE918EC8}"
EndProject
Project("{8BC9CEB8-8B4A-11D0-8D11-00A0C91BC942}") = "EnumWindows Load", "plug\EnumWindows Load\EnumWindows Load.vcxproj", "{B2C60BD3-50BA-444C-ADC5-C0026BF8BA9E}"
EndProject
Global
	GlobalSection(SolutionConfigurationPlatforms) = preSolution
		Debug|x64 = Debug|x64
		Debug|x86 = Debug|x86
		Release|x64 = Release|x64
		Release|x86 = Release|x86
	EndGlobalSection
	GlobalSection(ProjectConfigurationPlatforms) = postSolution
		{44ED408B-59F3-4A73-BEF3-AD7F274AEC54}.Debug|x64.ActiveCfg = Debug|x64
		{44ED408B-59F3-4A73-BEF3-AD7F274AEC54}.Debug|x64.Build.0 = Debug|x64
		{44ED408B-59F3-4A73-BEF3-AD7F274AEC54}.Debug|x86.ActiveCfg = Debug|Win32
		{44ED408B-59F3-4A73-BEF3-AD7F274AEC54}.Debug|x86.Build.0 = Debug|Win32
		{44ED408B-59F3-4A73-BEF3-AD7F274AEC54}.Release|x64.ActiveCfg = Release|x64
		{44ED408B-59F3-4A73-BEF3-AD7F274AEC54}.Release|x64.Build.0 = Release|x64
		{44ED408B-59F3-4A73-BEF3-AD7F274AEC54}.Release|x86.ActiveCfg = Release|Win32
		{44ED408B-59F3-4A73-BEF3-AD7F274AEC54}.Release|x86.Build.0 = Release|Win32
		{E4458817-99D0-4463-AC97-A91E1F9FB3E1}.Debug|x64.ActiveCfg = Debug|x64
		{E4458817-99D0-4463-AC97-A91E1F9FB3E1}.Debug|x64.Build.0 = Debug|x64
		{E4458817-99D0-4463-AC97-A91E1F9FB3E1}.Debug|x86.ActiveCfg = Debug|Win32
		{E4458817-99D0-4463-AC97-A91E1F9FB3E1}.Debug|x86.Build.0 = Debug|Win32
		{E4458817-99D0-4463-AC97-A91E1F9FB3E1}.Release|x64.ActiveCfg = Release|x64
		{E4458817-99D0-4463-AC97-A91E1F9FB3E1}.Release|x64.Build.0 = Release|x64
		{E4458817-99D0-4463-AC97-A91E1F9FB3E1}.Release|x86.ActiveCfg = Release|Win32
		{E4458817-99D0-4463-AC97-A91E1F9FB3E1}.Release|x86.Build.0 = Release|Win32
		{A724B8F7-FDF3-441B-BB1D-11C1C6FDC64B}.Debug|x64.ActiveCfg = Debug|x64
		{A724B8F7-FDF3-441B-BB1D-11C1C6FDC64B}.Debug|x64.Build.0 = Debug|x64
		{A724B8F7-FDF3-441B-BB1D-11C1C6FDC64B}.Debug|x86.ActiveCfg = Debug|Win32
		{A724B8F7-FDF3-441B-BB1D-11C1C6FDC64B}.Debug|x86.Build.0 = Debug|Win32
		{A724B8F7-FDF3-441B-BB1D-11C1C6FDC64B}.Release|x64.ActiveCfg = Release|x64
		{A724B8F7-FDF3-441B-BB1D-11C1C6FDC64B}.Release|x64.Build.0 = Release|x64
		{A724B8F7-FDF3-441B-BB1D-11C1C6FDC64B}.Release|x86.ActiveCfg = Release|Win32
		{A724B8F7-FDF3-441B-BB1D-11C1C6FDC64B}.Release|x86.Build.0 = Release|Win32
		{0E01D108-8DD7-4164-BABD-5257095F0CAF}.Debug|x64.ActiveCfg = Debug|x64
		{0E01D108-8DD7-4164-BABD-5257095F0CAF}.Debug|x64.Build.0 = Debug|x64
		{0E01D108-8DD7-4164-BABD-5257095F0CAF}.Debug|x86.ActiveCfg = Debug|Win32
		{0E01D108-8DD7-4164-BABD-5257095F0CAF}.Debug|x86.Build.0 = Debug|Win32
		{0E01D108-8DD7-4164-BABD-5257095F0CAF}.Release|x64.ActiveCfg = Release|x64
		{0E01D108-8DD7-4164-BABD-5257095F0CAF}.Release|x64.Build.0 = Release|x64
		{0E01D108-8DD7-4164-BABD-5257095F0CAF}.Release|x86.ActiveCfg = Release|Win32
		{0E01D108-8DD7-4164-BABD-5257095F0CAF}.Release|x86.Build.0 = Release|Win32
		{8C71DB50-A5B1-4354-A7C7-901E36DDC8AB}.Debug|x64.ActiveCfg = Debug|x64
		{8C71DB50-A5B1-4354-A7C7-901E36DDC8AB}.Debug|x64.Build.0 = Debug|x64
		{8C71DB50-A5B1-4354-A7C7-901E36DDC8AB}.Debug|x86.ActiveCfg = Debug|Win32
		{8C71DB50-A5B1-4354-A7C7-901E36DDC8AB}.Debug|x86.Build.0 = Debug|Win32
		{8C71DB50-A5B1-4354-A7C7-901E36DDC8AB}.Release|x64.ActiveCfg = Release|x64
		{8C71DB50-A5B1-4354-A7C7-901E36DDC8AB}.Release|x64.Build.0 = Release|x64
		{8C71DB50-A5B1-4354-A7C7-901E36DDC8AB}.Release|x86.ActiveCfg = Release|Win32
		{8C71DB50-A5B1-4354-A7C7-901E36DDC8AB}.Release|x86.Build.0 = Release|Win32
		{E804DA50-1B3D-40A8-9FA5-D0A2B427C727}.Debug|x64.ActiveCfg = Debug|x64
		{E804DA50-1B3D-40A8-9FA5-D0A2B427C727}.Debug|x64.Build.0 = Debug|x64
		{E804DA50-1B3D-40A8-9FA5-D0A2B427C727}.Debug|x86.ActiveCfg = Debug|Win32
		{E804DA50-1B3D-40A8-9FA5-D0A2B427C727}.Debug|x86.Build.0 = Debug|Win32
		{E804DA50-1B3D-40A8-9FA5-D0A2B427C727}.Release|x64.ActiveCfg = Release|x64
		{E804DA50-1B3D-40A8-9FA5-D0A2B427C727}.Release|x64.Build.0 = Release|x64
		{E804DA50-1B3D-40A8-9FA5-D0A2B427C727}.Release|x86.ActiveCfg = Release|Win32
		{E804DA50-1B3D-40A8-9FA5-D0A2B427C727}.Release|x86.Build.0 = Release|Win32
		{E09E4077-06F1-4A26-AFBA-D5FFE8BE10B3}.Debug|x64.ActiveCfg = Debug|x64
		{E09E4077-06F1-4A26-AFBA-D5FFE8BE10B3}.Debug|x64.Build.0 = Debug|x64
		{E09E4077-06F1-4A26-AFBA-D5FFE8BE10B3}.Debug|x86.ActiveCfg = Debug|Win32
		{E09E4077-06F1-4A26-AFBA-D5FFE8BE10B3}.Debug|x86.Build.0 = Debug|Win32
		{E09E4077-06F1-4A26-AFBA-D5FFE8BE10B3}.Release|x64.ActiveCfg = Release|x64
		{E09E4077-06F1-4A26-AFBA-D5FFE8BE10B3}.Release|x64.Build.0 = Release|x64
		{E09E4077-06F1-4A26-AFBA-D5FFE8BE10B3}.Release|x86.ActiveCfg = Release|Win32
		{E09E4077-06F1-4A26-AFBA-D5FFE8BE10B3}.Release|x86.Build.0 = Release|Win32
		{77301751-93B6-4748-87CE-BEABD468F549}.Debug|x64.ActiveCfg = Debug|x64
		{77301751-93B6-4748-87CE-BEABD468F549}.Debug|x64.Build.0 = Debug|x64
		{77301751-93B6-4748-87CE-BEABD468F549}.Debug|x86.ActiveCfg = Debug|Win32
		{77301751-93B6-4748-87CE-BEABD468F549}.Debug|x86.Build.0 = Debug|Win32
		{77301751-93B6-4748-87CE-BEABD468F549}.Release|x64.ActiveCfg = Release|x64
		{77301751-93B6-4748-87CE-BEABD468F549}.Release|x64.Build.0 = Release|x64
		{77301751-93B6-4748-87CE-BEABD468F549}.Release|x86.ActiveCfg = Release|Win32
		{77301751-93B6-4748-87CE-BEABD468F549}.Release|x86.Build.0 = Release|Win32
		{95367D52-E3A0-46BF-BCAA-AAC13EAF244D}.Debug|x64.ActiveCfg = Debug|x64
		{95367D52-E3A0-46BF-BCAA-AAC13EAF244D}.Debug|x64.Build.0 = Debug|x64
		{95367D52-E3A0-46BF-BCAA-AAC13EAF244D}.Debug|x86.ActiveCfg = Debug|Win32
		{95367D52-E3A0-46BF-BCAA-AAC13EAF244D}.Debug|x86.Build.0 = Debug|Win32
		{95367D52-E3A0-46BF-BCAA-AAC13EAF244D}.Release|x64.ActiveCfg = Release|x64
		{95367D52-E3A0-46BF-BCAA-AAC13EAF244D}.Release|x64.Build.0 = Release|x64
		{95367D52-E3A0-46BF-BCAA-AAC13EAF244D}.Release|x86.ActiveCfg = Release|Win32
		{95367D52-E3A0-46BF-BCAA-AAC13EAF244D}.Release|x86.Build.0 = Release|Win32
		{53C190DB-62BA-4D22-BEB9-BAC5F35D8893}.Debug|x64.ActiveCfg = Debug|x64
		{53C190DB-62BA-4D22-BEB9-BAC5F35D8893}.Debug|x64.Build.0 = Debug|x64
		{53C190DB-62BA-4D22-BEB9-BAC5F35D8893}.Debug|x86.ActiveCfg = Debug|Win32
		{53C190DB-62BA-4D22-BEB9-BAC5F35D8893}.Debug|x86.Build.0 = Debug|Win32
		{53C190DB-62BA-4D22-BEB9-BAC5F35D8893}.Release|x64.ActiveCfg = Release|x64
		{53C190DB-62BA-4D22-BEB9-BAC5F35D8893}.Release|x64.Build.0 = Release|x64
		{53C190DB-62BA-4D22-BEB9-BAC5F35D8893}.Release|x86.ActiveCfg = Release|Win32
		{53C190DB-62BA-4D22-BEB9-BAC5F35D8893}.Release|x86.Build.0 = Release|Win32
		{7A811860-B9FC-4F64-BE80-DE0D30551A21}.Debug|x64.ActiveCfg = Debug|x64
		{7A811860-B9FC-4F64-BE80-DE0D30551A21}.Debug|x64.Build.0 = Debug|x64
		{7A811860-B9FC-4F64-BE80-DE0D30551A21}.Debug|x86.ActiveCfg = Debug|Win32
		{7A811860-B9FC-4F64-BE80-DE0D30551A21}.Debug|x86.Build.0 = Debug|Win32
		{7A811860-B9FC-4F64-BE80-DE0D30551A21}.Release|x64.ActiveCfg = Release|x64
		{7A811860-B9FC-4F64-BE80-DE0D30551A21}.Release|x64.Build.0 = Release|x64
		{7A811860-B9FC-4F64-BE80-DE0D30551A21}.Release|x86.ActiveCfg = Release|Win32
		{7A811860-B9FC-4F64-BE80-DE0D30551A21}.Release|x86.Build.0 = Release|Win32
		{85B4ED76-7171-4CDF-B909-654E77F54FA4}.Debug|x64.ActiveCfg = Debug|x64
		{85B4ED76-7171-4CDF-B909-654E77F54FA4}.Debug|x64.Build.0 = Debug|x64
		{85B4ED76-7171-4CDF-B909-654E77F54FA4}.Debug|x86.ActiveCfg = Debug|Win32
		{85B4ED76-7171-4CDF-B909-654E77F54FA4}.Debug|x86.Build.0 = Debug|Win32
		{85B4ED76-7171-4CDF-B909-654E77F54FA4}.Release|x64.ActiveCfg = Release|x64
		{85B4ED76-7171-4CDF-B909-654E77F54FA4}.Release|x64.Build.0 = Release|x64
		{85B4ED76-7171-4CDF-B909-654E77F54FA4}.Release|x86.ActiveCfg = Release|Win32
		{85B4ED76-7171-4CDF-B909-654E77F54FA4}.Release|x86.Build.0 = Release|Win32
		{F5D3E249-2D2F-4C8F-99D9-4ED661ADBC57}.Debug|x64.ActiveCfg = Debug|x64
		{F5D3E249-2D2F-4C8F-99D9-4ED661ADBC57}.Debug|x64.Build.0 = Debug|x64
		{F5D3E249-2D2F-4C8F-99D9-4ED661ADBC57}.Debug|x86.ActiveCfg = Debug|Win32
		{F5D3E249-2D2F-4C8F-99D9-4ED661ADBC57}.Debug|x86.Build.0 = Debug|Win32
		{F5D3E249-2D2F-4C8F-99D9-4ED661ADBC57}.Release|x64.ActiveCfg = Release|x64
		{F5D3E249-2D2F-4C8F-99D9-4ED661ADBC57}.Release|x64.Build.0 = Release|x64
		{F5D3E249-2D2F-4C8F-99D9-4ED661ADBC57}.Release|x86.ActiveCfg = Release|Win32
		{F5D3E249-2D2F-4C8F-99D9-4ED661ADBC57}.Release|x86.Build.0 = Release|Win32
		{7CCFF851-1E2C-4EAD-8415-BB4CBB96FFE0}.Debug|x64.ActiveCfg = Debug|x64
		{7CCFF851-1E2C-4EAD-8415-BB4CBB96FFE0}.Debug|x64.Build.0 = Debug|x64
		{7CCFF851-1E2C-4EAD-8415-BB4CBB96FFE0}.Debug|x86.ActiveCfg = Debug|Win32
		{7CCFF851-1E2C-4EAD-8415-BB4CBB96FFE0}.Debug|x86.Build.0 = Debug|Win32
		{7CCFF851-1E2C-4EAD-8415-BB4CBB96FFE0}.Release|x64.ActiveCfg = Release|x64
		{7CCFF851-1E2C-4EAD-8415-BB4CBB96FFE0}.Release|x64.Build.0 = Release|x64
		{7CCFF851-1E2C-4EAD-8415-BB4CBB96FFE0}.Release|x86.ActiveCfg = Release|Win32
		{7CCFF851-1E2C-4EAD-8415-BB4CBB96FFE0}.Release|x86.Build.0 = Release|Win32
		{9C8E8054-B951-44F4-9B6C-9021BE918EC8}.Debug|x64.ActiveCfg = Debug|x64
		{9C8E8054-B951-44F4-9B6C-9021BE918EC8}.Debug|x64.Build.0 = Debug|x64
		{9C8E8054-B951-44F4-9B6C-9021BE918EC8}.Debug|x86.ActiveCfg = Debug|Win32
		{9C8E8054-B951-44F4-9B6C-9021BE918EC8}.Debug|x86.Build.0 = Debug|Win32
		{9C8E8054-B951-44F4-9B6C-9021BE918EC8}.Release|x64.ActiveCfg = Release|x64
		{9C8E8054-B951-44F4-9B6C-9021BE918EC8}.Release|x64.Build.0 = Release|x64
		{9C8E8054-B951-44F4-9B6C-9021BE918EC8}.Release|x86.ActiveCfg = Release|Win32
		{9C8E8054-B951-44F4-9B6C-9021BE918EC8}.Release|x86.Build.0 = Release|Win32
		{B2C60BD3-50BA-444C-ADC5-C0026BF8BA9E}.Debug|x64.ActiveCfg = Debug|x64
		{B2C60BD3-50BA-444C-ADC5-C0026BF8BA9E}.Debug|x64.Build.0 = Debug|x64
		{B2C60BD3-50BA-444C-ADC5-C0026BF8BA9E}.Debug|x86.ActiveCfg = Debug|Win32
		{B2C60BD3-50BA-444C-ADC5-C0026BF8BA9E}.Debug|x86.Build.0 = Debug|Win32
		{B2C60BD3-50BA-444C-ADC5-C0026BF8BA9E}.Release|x64.ActiveCfg = Release|x64
		{B2C60BD3-50BA-444C-ADC5-C0026BF8BA9E}.Release|x64.Build.0 = Release|x64
		{B2C60BD3-50BA-444C-ADC5-C0026BF8BA9E}.Release|x86.ActiveCfg = Release|Win32
		{B2C60BD3-50BA-444C-ADC5-C0026BF8BA9E}.Release|x86.Build.0 = Release|Win32
	EndGlobalSection
	GlobalSection(SolutionProperties) = preSolution
		HideSolutionNode = FALSE
	EndGlobalSection
	GlobalSection(NestedProjects) = preSolution
		{44ED408B-59F3-4A73-BEF3-AD7F274AEC54} = {A627454C-01C6-4811-871A-28194598E2C9}
		{7F17ED50-B0CD-4BF8-B78F-76F5DBA07F9C} = {714E11DF-8A6C-408B-95BD-D63BA510488E}
		{CA099911-8087-4632-96A5-A85511712F38} = {714E11DF-8A6C-408B-95BD-D63BA510488E}
		{E4458817-99D0-4463-AC97-A91E1F9FB3E1} = {7F17ED50-B0CD-4BF8-B78F-76F5DBA07F9C}
		{A724B8F7-FDF3-441B-BB1D-11C1C6FDC64B} = {7F17ED50-B0CD-4BF8-B78F-76F5DBA07F9C}
		{0E01D108-8DD7-4164-BABD-5257095F0CAF} = {7F17ED50-B0CD-4BF8-B78F-76F5DBA07F9C}
		{8C71DB50-A5B1-4354-A7C7-901E36DDC8AB} = {7F17ED50-B0CD-4BF8-B78F-76F5DBA07F9C}
		{E804DA50-1B3D-40A8-9FA5-D0A2B427C727} = {7F17ED50-B0CD-4BF8-B78F-76F5DBA07F9C}
		{E09E4077-06F1-4A26-AFBA-D5FFE8BE10B3} = {7F17ED50-B0CD-4BF8-B78F-76F5DBA07F9C}
		{77301751-93B6-4748-87CE-BEABD468F549} = {7F17ED50-B0CD-4BF8-B78F-76F5DBA07F9C}
		{95367D52-E3A0-46BF-BCAA-AAC13EAF244D} = {7F17ED50-B0CD-4BF8-B78F-76F5DBA07F9C}
		{53C190DB-62BA-4D22-BEB9-BAC5F35D8893} = {CA099911-8087-4632-96A5-A85511712F38}
		{7A811860-B9FC-4F64-BE80-DE0D30551A21} = {7F17ED50-B0CD-4BF8-B78F-76F5DBA07F9C}
		{85B4ED76-7171-4CDF-B909-654E77F54FA4} = {CA099911-8087-4632-96A5-A85511712F38}
		{F5D3E249-2D2F-4C8F-99D9-4ED661ADBC57} = {CA099911-8087-4632-96A5-A85511712F38}
		{7CCFF851-1E2C-4EAD-8415-BB4CBB96FFE0} = {CA099911-8087-4632-96A5-A85511712F38}
		{9C8E8054-B951-44F4-9B6C-9021BE918EC8} = {CA099911-8087-4632-96A5-A85511712F38}
		{B2C60BD3-50BA-444C-ADC5-C0026BF8BA9E} = {7F17ED50-B0CD-4BF8-B78F-76F5DBA07F9C}
	EndGlobalSection
EndGlobal
