
Microsoft Visual Studio Solution File, Format Version 12.00
# Visual Studio 14
VisualStudioVersion = 14.0.25420.1
MinimumVisualStudioVersion = 10.0.40219.1
Project("{8BC9CEB8-8B4A-11D0-8D11-00A0C91BC942}") = "shellcodeLoader", "shellcodeLoader\shellcodeLoader.vcxproj", "{44ED408B-59F3-4A73-BEF3-AD7F274AEC54}"
EndProject
Project("{2150E333-8FDC-42A3-9474-1A3956D46DE8}") = "生成器", "生成器", "{A627454C-01C6-4811-871A-28194598E2C9}"
EndProject
Project("{2150E333-8FDC-42A3-9474-1A3956D46DE8}") = "载荷器", "载荷器", "{714E11DF-8A6C-408B-95BD-D63BA510488E}"
	ProjectSection(SolutionItems) = preProject
		public.hpp = public.hpp
	EndProjectSection
EndProject
Project("{2150E333-8FDC-42A3-9474-1A3956D46DE8}") = "直接加载类", "直接加载类", "{7F17ED50-B0CD-4BF8-B78F-76F5DBA07F9C}"
EndProject
Project("{2150E333-8FDC-42A3-9474-1A3956D46DE8}") = "注入加载类", "注入加载类", "{CA099911-8087-4632-96A5-A85511712F38}"
EndProject
Project("{8BC9CEB8-8B4A-11D0-8D11-00A0C91BC942}") = "CreateThreatPoolWait加载", "CreateThreatPoolWait加载\CreateThreatPoolWait加载.vcxproj", "{0769EB25-90A2-4CF9-9447-CE0FD614E8EA}"
EndProject
Project("{8BC9CEB8-8B4A-11D0-8D11-00A0C91BC942}") = "Fiber加载", "Fiber加载\Fiber加载.vcxproj", "{75DF501B-4FE1-48C4-9706-8A8E609E1797}"
EndProject
Project("{8BC9CEB8-8B4A-11D0-8D11-00A0C91BC942}") = "NtTestAlert加载", "NtTestAlert加载\NtTestAlert加载.vcxproj", "{FE686FAA-9623-463E-944F-8D01CE27F146}"
EndProject
Project("{8BC9CEB8-8B4A-11D0-8D11-00A0C91BC942}") = "SEH异常加载", "SEH异常加载\SEH异常加载.vcxproj", "{C0FEAD7B-218E-4193-B514-458560D10801}"
EndProject
Project("{8BC9CEB8-8B4A-11D0-8D11-00A0C91BC942}") = "TLS回调加载", "TLS回调加载\TLS回调加载.vcxproj", "{6D4AD627-6BE5-476F-8557-BD2D0FD39448}"
EndProject
Project("{8BC9CEB8-8B4A-11D0-8D11-00A0C91BC942}") = "直接加载", "直接加载\直接加载.vcxproj", "{8393006B-1FDA-4EDD-B914-8AA3E75C7E86}"
EndProject
Project("{8BC9CEB8-8B4A-11D0-8D11-00A0C91BC942}") = "动态加载", "动态加载\动态加载.vcxproj", "{4EF1F1BB-C710-4397-B659-7BB3E33D5654}"
EndProject
Project("{8BC9CEB8-8B4A-11D0-8D11-00A0C91BC942}") = "动态加载+", "动态加载+\动态加载+.vcxproj", "{5A741580-D420-497F-8B97-C577EF0F435C}"
EndProject
Project("{8BC9CEB8-8B4A-11D0-8D11-00A0C91BC942}") = "系统call加载", "系统call加载\系统call加载.vcxproj", "{8799DEDF-99A2-4FCF-A9E4-7541D15E6FDD}"
EndProject
Project("{8BC9CEB8-8B4A-11D0-8D11-00A0C91BC942}") = "APC注入加载", "APC注入\APC注入.vcxproj", "{71E94F22-3276-49CA-BBB1-CD278C67C1FC}"
EndProject
Project("{8BC9CEB8-8B4A-11D0-8D11-00A0C91BC942}") = "线程劫持注入加载", "线程劫持\线程劫持.vcxproj", "{3F392A5B-1370-4EF5-8D19-3AD74CA53FDA}"
EndProject
Project("{8BC9CEB8-8B4A-11D0-8D11-00A0C91BC942}") = "Early Bird APC注入加载", "Early Bird APC注入加载\Early Bird APC注入加载.vcxproj", "{9F0F466D-3C1F-4377-B054-A14013927AFA}"
EndProject
Project("{8BC9CEB8-8B4A-11D0-8D11-00A0C91BC942}") = "入口点劫持注入加载", "入口点劫持注入\入口点劫持注入.vcxproj", "{6AF9F652-AE3F-4862-85F7-AF10B04A1927}"
EndProject
Project("{8BC9CEB8-8B4A-11D0-8D11-00A0C91BC942}") = "NtCreateSection注入加载", "NtCreateSection注入加载\NtCreateSection注入加载.vcxproj", "{C8035B0A-C4D7-49C2-8675-6A1CF802DAD9}"
EndProject
Global
	GlobalSection(SolutionConfigurationPlatforms) = preSolution
		Debug|x64 = Debug|x64
		Debug|x86 = Debug|x86
		Release|x64 = Release|x64
		Release|x86 = Release|x86
	EndGlobalSection
	GlobalSection(ProjectConfigurationPlatforms) = postSolution
		{44ED408B-59F3-4A73-BEF3-AD7F274AEC54}.Debug|x64.ActiveCfg = Debug|x64
		{44ED408B-59F3-4A73-BEF3-AD7F274AEC54}.Debug|x64.Build.0 = Debug|x64
		{44ED408B-59F3-4A73-BEF3-AD7F274AEC54}.Debug|x86.ActiveCfg = Debug|Win32
		{44ED408B-59F3-4A73-BEF3-AD7F274AEC54}.Debug|x86.Build.0 = Debug|Win32
		{44ED408B-59F3-4A73-BEF3-AD7F274AEC54}.Release|x64.ActiveCfg = Release|x64
		{44ED408B-59F3-4A73-BEF3-AD7F274AEC54}.Release|x64.Build.0 = Release|x64
		{44ED408B-59F3-4A73-BEF3-AD7F274AEC54}.Release|x86.ActiveCfg = Release|Win32
		{44ED408B-59F3-4A73-BEF3-AD7F274AEC54}.Release|x86.Build.0 = Release|Win32
		{0769EB25-90A2-4CF9-9447-CE0FD614E8EA}.Debug|x64.ActiveCfg = Debug|x64
		{0769EB25-90A2-4CF9-9447-CE0FD614E8EA}.Debug|x64.Build.0 = Debug|x64
		{0769EB25-90A2-4CF9-9447-CE0FD614E8EA}.Debug|x86.ActiveCfg = Debug|Win32
		{0769EB25-90A2-4CF9-9447-CE0FD614E8EA}.Debug|x86.Build.0 = Debug|Win32
		{0769EB25-90A2-4CF9-9447-CE0FD614E8EA}.Release|x64.ActiveCfg = Release|x64
		{0769EB25-90A2-4CF9-9447-CE0FD614E8EA}.Release|x64.Build.0 = Release|x64
		{0769EB25-90A2-4CF9-9447-CE0FD614E8EA}.Release|x86.ActiveCfg = Release|Win32
		{0769EB25-90A2-4CF9-9447-CE0FD614E8EA}.Release|x86.Build.0 = Release|Win32
		{75DF501B-4FE1-48C4-9706-8A8E609E1797}.Debug|x64.ActiveCfg = Debug|x64
		{75DF501B-4FE1-48C4-9706-8A8E609E1797}.Debug|x64.Build.0 = Debug|x64
		{75DF501B-4FE1-48C4-9706-8A8E609E1797}.Debug|x86.ActiveCfg = Debug|Win32
		{75DF501B-4FE1-48C4-9706-8A8E609E1797}.Debug|x86.Build.0 = Debug|Win32
		{75DF501B-4FE1-48C4-9706-8A8E609E1797}.Release|x64.ActiveCfg = Release|x64
		{75DF501B-4FE1-48C4-9706-8A8E609E1797}.Release|x64.Build.0 = Release|x64
		{75DF501B-4FE1-48C4-9706-8A8E609E1797}.Release|x86.ActiveCfg = Release|Win32
		{75DF501B-4FE1-48C4-9706-8A8E609E1797}.Release|x86.Build.0 = Release|Win32
		{FE686FAA-9623-463E-944F-8D01CE27F146}.Debug|x64.ActiveCfg = Debug|x64
		{FE686FAA-9623-463E-944F-8D01CE27F146}.Debug|x64.Build.0 = Debug|x64
		{FE686FAA-9623-463E-944F-8D01CE27F146}.Debug|x86.ActiveCfg = Debug|Win32
		{FE686FAA-9623-463E-944F-8D01CE27F146}.Debug|x86.Build.0 = Debug|Win32
		{FE686FAA-9623-463E-944F-8D01CE27F146}.Release|x64.ActiveCfg = Release|x64
		{FE686FAA-9623-463E-944F-8D01CE27F146}.Release|x64.Build.0 = Release|x64
		{FE686FAA-9623-463E-944F-8D01CE27F146}.Release|x86.ActiveCfg = Release|Win32
		{FE686FAA-9623-463E-944F-8D01CE27F146}.Release|x86.Build.0 = Release|Win32
		{C0FEAD7B-218E-4193-B514-458560D10801}.Debug|x64.ActiveCfg = Debug|x64
		{C0FEAD7B-218E-4193-B514-458560D10801}.Debug|x64.Build.0 = Debug|x64
		{C0FEAD7B-218E-4193-B514-458560D10801}.Debug|x86.ActiveCfg = Debug|Win32
		{C0FEAD7B-218E-4193-B514-458560D10801}.Debug|x86.Build.0 = Debug|Win32
		{C0FEAD7B-218E-4193-B514-458560D10801}.Release|x64.ActiveCfg = Release|x64
		{C0FEAD7B-218E-4193-B514-458560D10801}.Release|x64.Build.0 = Release|x64
		{C0FEAD7B-218E-4193-B514-458560D10801}.Release|x86.ActiveCfg = Release|Win32
		{C0FEAD7B-218E-4193-B514-458560D10801}.Release|x86.Build.0 = Release|Win32
		{6D4AD627-6BE5-476F-8557-BD2D0FD39448}.Debug|x64.ActiveCfg = Debug|x64
		{6D4AD627-6BE5-476F-8557-BD2D0FD39448}.Debug|x64.Build.0 = Debug|x64
		{6D4AD627-6BE5-476F-8557-BD2D0FD39448}.Debug|x86.ActiveCfg = Debug|Win32
		{6D4AD627-6BE5-476F-8557-BD2D0FD39448}.Debug|x86.Build.0 = Debug|Win32
		{6D4AD627-6BE5-476F-8557-BD2D0FD39448}.Release|x64.ActiveCfg = Release|x64
		{6D4AD627-6BE5-476F-8557-BD2D0FD39448}.Release|x64.Build.0 = Release|x64
		{6D4AD627-6BE5-476F-8557-BD2D0FD39448}.Release|x86.ActiveCfg = Release|Win32
		{6D4AD627-6BE5-476F-8557-BD2D0FD39448}.Release|x86.Build.0 = Release|Win32
		{8393006B-1FDA-4EDD-B914-8AA3E75C7E86}.Debug|x64.ActiveCfg = Debug|x64
		{8393006B-1FDA-4EDD-B914-8AA3E75C7E86}.Debug|x64.Build.0 = Debug|x64
		{8393006B-1FDA-4EDD-B914-8AA3E75C7E86}.Debug|x86.ActiveCfg = Debug|Win32
		{8393006B-1FDA-4EDD-B914-8AA3E75C7E86}.Debug|x86.Build.0 = Debug|Win32
		{8393006B-1FDA-4EDD-B914-8AA3E75C7E86}.Release|x64.ActiveCfg = Release|x64
		{8393006B-1FDA-4EDD-B914-8AA3E75C7E86}.Release|x64.Build.0 = Release|x64
		{8393006B-1FDA-4EDD-B914-8AA3E75C7E86}.Release|x86.ActiveCfg = Release|Win32
		{8393006B-1FDA-4EDD-B914-8AA3E75C7E86}.Release|x86.Build.0 = Release|Win32
		{4EF1F1BB-C710-4397-B659-7BB3E33D5654}.Debug|x64.ActiveCfg = Debug|x64
		{4EF1F1BB-C710-4397-B659-7BB3E33D5654}.Debug|x64.Build.0 = Debug|x64
		{4EF1F1BB-C710-4397-B659-7BB3E33D5654}.Debug|x86.ActiveCfg = Debug|Win32
		{4EF1F1BB-C710-4397-B659-7BB3E33D5654}.Debug|x86.Build.0 = Debug|Win32
		{4EF1F1BB-C710-4397-B659-7BB3E33D5654}.Release|x64.ActiveCfg = Release|x64
		{4EF1F1BB-C710-4397-B659-7BB3E33D5654}.Release|x64.Build.0 = Release|x64
		{4EF1F1BB-C710-4397-B659-7BB3E33D5654}.Release|x86.ActiveCfg = Release|Win32
		{4EF1F1BB-C710-4397-B659-7BB3E33D5654}.Release|x86.Build.0 = Release|Win32
		{5A741580-D420-497F-8B97-C577EF0F435C}.Debug|x64.ActiveCfg = Debug|x64
		{5A741580-D420-497F-8B97-C577EF0F435C}.Debug|x64.Build.0 = Debug|x64
		{5A741580-D420-497F-8B97-C577EF0F435C}.Debug|x86.ActiveCfg = Debug|Win32
		{5A741580-D420-497F-8B97-C577EF0F435C}.Debug|x86.Build.0 = Debug|Win32
		{5A741580-D420-497F-8B97-C577EF0F435C}.Release|x64.ActiveCfg = Release|x64
		{5A741580-D420-497F-8B97-C577EF0F435C}.Release|x64.Build.0 = Release|x64
		{5A741580-D420-497F-8B97-C577EF0F435C}.Release|x86.ActiveCfg = Release|Win32
		{5A741580-D420-497F-8B97-C577EF0F435C}.Release|x86.Build.0 = Release|Win32
		{8799DEDF-99A2-4FCF-A9E4-7541D15E6FDD}.Debug|x64.ActiveCfg = Debug|x64
		{8799DEDF-99A2-4FCF-A9E4-7541D15E6FDD}.Debug|x64.Build.0 = Debug|x64
		{8799DEDF-99A2-4FCF-A9E4-7541D15E6FDD}.Debug|x86.ActiveCfg = Debug|Win32
		{8799DEDF-99A2-4FCF-A9E4-7541D15E6FDD}.Debug|x86.Build.0 = Debug|Win32
		{8799DEDF-99A2-4FCF-A9E4-7541D15E6FDD}.Release|x64.ActiveCfg = Release|x64
		{8799DEDF-99A2-4FCF-A9E4-7541D15E6FDD}.Release|x64.Build.0 = Release|x64
		{8799DEDF-99A2-4FCF-A9E4-7541D15E6FDD}.Release|x86.ActiveCfg = Release|Win32
		{8799DEDF-99A2-4FCF-A9E4-7541D15E6FDD}.Release|x86.Build.0 = Release|Win32
		{71E94F22-3276-49CA-BBB1-CD278C67C1FC}.Debug|x64.ActiveCfg = Debug|x64
		{71E94F22-3276-49CA-BBB1-CD278C67C1FC}.Debug|x64.Build.0 = Debug|x64
		{71E94F22-3276-49CA-BBB1-CD278C67C1FC}.Debug|x86.ActiveCfg = Debug|Win32
		{71E94F22-3276-49CA-BBB1-CD278C67C1FC}.Debug|x86.Build.0 = Debug|Win32
		{71E94F22-3276-49CA-BBB1-CD278C67C1FC}.Release|x64.ActiveCfg = Release|x64
		{71E94F22-3276-49CA-BBB1-CD278C67C1FC}.Release|x64.Build.0 = Release|x64
		{71E94F22-3276-49CA-BBB1-CD278C67C1FC}.Release|x86.ActiveCfg = Release|Win32
		{71E94F22-3276-49CA-BBB1-CD278C67C1FC}.Release|x86.Build.0 = Release|Win32
		{3F392A5B-1370-4EF5-8D19-3AD74CA53FDA}.Debug|x64.ActiveCfg = Debug|x64
		{3F392A5B-1370-4EF5-8D19-3AD74CA53FDA}.Debug|x64.Build.0 = Debug|x64
		{3F392A5B-1370-4EF5-8D19-3AD74CA53FDA}.Debug|x86.ActiveCfg = Debug|Win32
		{3F392A5B-1370-4EF5-8D19-3AD74CA53FDA}.Debug|x86.Build.0 = Debug|Win32
		{3F392A5B-1370-4EF5-8D19-3AD74CA53FDA}.Release|x64.ActiveCfg = Release|x64
		{3F392A5B-1370-4EF5-8D19-3AD74CA53FDA}.Release|x64.Build.0 = Release|x64
		{3F392A5B-1370-4EF5-8D19-3AD74CA53FDA}.Release|x86.ActiveCfg = Release|Win32
		{3F392A5B-1370-4EF5-8D19-3AD74CA53FDA}.Release|x86.Build.0 = Release|Win32
		{9F0F466D-3C1F-4377-B054-A14013927AFA}.Debug|x64.ActiveCfg = Debug|x64
		{9F0F466D-3C1F-4377-B054-A14013927AFA}.Debug|x64.Build.0 = Debug|x64
		{9F0F466D-3C1F-4377-B054-A14013927AFA}.Debug|x86.ActiveCfg = Debug|Win32
		{9F0F466D-3C1F-4377-B054-A14013927AFA}.Debug|x86.Build.0 = Debug|Win32
		{9F0F466D-3C1F-4377-B054-A14013927AFA}.Release|x64.ActiveCfg = Release|x64
		{9F0F466D-3C1F-4377-B054-A14013927AFA}.Release|x64.Build.0 = Release|x64
		{9F0F466D-3C1F-4377-B054-A14013927AFA}.Release|x86.ActiveCfg = Release|Win32
		{9F0F466D-3C1F-4377-B054-A14013927AFA}.Release|x86.Build.0 = Release|Win32
		{6AF9F652-AE3F-4862-85F7-AF10B04A1927}.Debug|x64.ActiveCfg = Debug|x64
		{6AF9F652-AE3F-4862-85F7-AF10B04A1927}.Debug|x64.Build.0 = Debug|x64
		{6AF9F652-AE3F-4862-85F7-AF10B04A1927}.Debug|x86.ActiveCfg = Debug|Win32
		{6AF9F652-AE3F-4862-85F7-AF10B04A1927}.Debug|x86.Build.0 = Debug|Win32
		{6AF9F652-AE3F-4862-85F7-AF10B04A1927}.Release|x64.ActiveCfg = Release|x64
		{6AF9F652-AE3F-4862-85F7-AF10B04A1927}.Release|x64.Build.0 = Release|x64
		{6AF9F652-AE3F-4862-85F7-AF10B04A1927}.Release|x86.ActiveCfg = Release|Win32
		{6AF9F652-AE3F-4862-85F7-AF10B04A1927}.Release|x86.Build.0 = Release|Win32
		{C8035B0A-C4D7-49C2-8675-6A1CF802DAD9}.Debug|x64.ActiveCfg = Debug|x64
		{C8035B0A-C4D7-49C2-8675-6A1CF802DAD9}.Debug|x64.Build.0 = Debug|x64
		{C8035B0A-C4D7-49C2-8675-6A1CF802DAD9}.Debug|x86.ActiveCfg = Debug|Win32
		{C8035B0A-C4D7-49C2-8675-6A1CF802DAD9}.Debug|x86.Build.0 = Debug|Win32
		{C8035B0A-C4D7-49C2-8675-6A1CF802DAD9}.Release|x64.ActiveCfg = Release|x64
		{C8035B0A-C4D7-49C2-8675-6A1CF802DAD9}.Release|x64.Build.0 = Release|x64
		{C8035B0A-C4D7-49C2-8675-6A1CF802DAD9}.Release|x86.ActiveCfg = Release|Win32
		{C8035B0A-C4D7-49C2-8675-6A1CF802DAD9}.Release|x86.Build.0 = Release|Win32
	EndGlobalSection
	GlobalSection(SolutionProperties) = preSolution
		HideSolutionNode = FALSE
	EndGlobalSection
	GlobalSection(NestedProjects) = preSolution
		{44ED408B-59F3-4A73-BEF3-AD7F274AEC54} = {A627454C-01C6-4811-871A-28194598E2C9}
		{7F17ED50-B0CD-4BF8-B78F-76F5DBA07F9C} = {714E11DF-8A6C-408B-95BD-D63BA510488E}
		{CA099911-8087-4632-96A5-A85511712F38} = {714E11DF-8A6C-408B-95BD-D63BA510488E}
		{0769EB25-90A2-4CF9-9447-CE0FD614E8EA} = {7F17ED50-B0CD-4BF8-B78F-76F5DBA07F9C}
		{75DF501B-4FE1-48C4-9706-8A8E609E1797} = {7F17ED50-B0CD-4BF8-B78F-76F5DBA07F9C}
		{FE686FAA-9623-463E-944F-8D01CE27F146} = {7F17ED50-B0CD-4BF8-B78F-76F5DBA07F9C}
		{C0FEAD7B-218E-4193-B514-458560D10801} = {7F17ED50-B0CD-4BF8-B78F-76F5DBA07F9C}
		{6D4AD627-6BE5-476F-8557-BD2D0FD39448} = {7F17ED50-B0CD-4BF8-B78F-76F5DBA07F9C}
		{8393006B-1FDA-4EDD-B914-8AA3E75C7E86} = {7F17ED50-B0CD-4BF8-B78F-76F5DBA07F9C}
		{4EF1F1BB-C710-4397-B659-7BB3E33D5654} = {7F17ED50-B0CD-4BF8-B78F-76F5DBA07F9C}
		{5A741580-D420-497F-8B97-C577EF0F435C} = {7F17ED50-B0CD-4BF8-B78F-76F5DBA07F9C}
		{8799DEDF-99A2-4FCF-A9E4-7541D15E6FDD} = {7F17ED50-B0CD-4BF8-B78F-76F5DBA07F9C}
		{71E94F22-3276-49CA-BBB1-CD278C67C1FC} = {CA099911-8087-4632-96A5-A85511712F38}
		{3F392A5B-1370-4EF5-8D19-3AD74CA53FDA} = {CA099911-8087-4632-96A5-A85511712F38}
		{9F0F466D-3C1F-4377-B054-A14013927AFA} = {CA099911-8087-4632-96A5-A85511712F38}
		{6AF9F652-AE3F-4862-85F7-AF10B04A1927} = {CA099911-8087-4632-96A5-A85511712F38}
		{C8035B0A-C4D7-49C2-8675-6A1CF802DAD9} = {CA099911-8087-4632-96A5-A85511712F38}
	EndGlobalSection
EndGlobal
